
Microsoft Visual Studio Solution File, Format Version 12.00
# Visual Studio 15
VisualStudioVersion = 15.0.28307.136
MinimumVisualStudioVersion = 10.0.40219.1
Project("{FAE04EC0-301F-11D3-BF4B-00C04F79EFBC}") = "WebAPIDemoDec2018", "WebAPIDemoDec2018\WebAPIDemoDec2018.csproj", "{DE7F75EF-3468-4C5C-8DDE-11DA13A93D63}"
EndProject
Global
	GlobalSection(SolutionConfigurationPlatforms) = preSolution
		Debug|Any CPU = Debug|Any CPU
		Release|Any CPU = Release|Any CPU
	EndGlobalSection
	GlobalSection(ProjectConfigurationPlatforms) = postSolution
		{DE7F75EF-3468-4C5C-8DDE-11DA13A93D63}.Debug|Any CPU.ActiveCfg = Debug|Any CPU
		{DE7F75EF-3468-4C5C-8DDE-11DA13A93D63}.Debug|Any CPU.Build.0 = Debug|Any CPU
		{DE7F75EF-3468-4C5C-8DDE-11DA13A93D63}.Release|Any CPU.ActiveCfg = Release|Any CPU
		{DE7F75EF-3468-4C5C-8DDE-11DA13A93D63}.Release|Any CPU.Build.0 = Release|Any CPU
	EndGlobalSection
	GlobalSection(SolutionProperties) = preSolution
		HideSolutionNode = FALSE
	EndGlobalSection
	GlobalSection(ExtensibilityGlobals) = postSolution
		SolutionGuid = {0A0FCAE3-9351-45BA-B68D-715F9E5CB4B9}
	EndGlobalSection
EndGlobal
